// !$*UTF8*$!
{
	archiveVersion = 1;
	classes = {
	};
	objectVersion = 46;
	objects = {

/* Begin PBXBuildFile section */
		8C1A1DE21B68E9B30083CBA3 /* sql.cpp in Sources */ = {isa = PBXBuildFile; fileRef = 8C1A1DE11B68E9B30083CBA3 /* sql.cpp */; };
		8C1A1DE91B6967DC0083CBA3 /* sqlite3.c in Sources */ = {isa = PBXBuildFile; fileRef = 8C1A1DE51B6967DC0083CBA3 /* sqlite3.c */; settings = {COMPILER_FLAGS = "-Wno-ambiguous-macro -Wno-shorten-64-to-32 -Wno-unreachable-code -Wno-unused-const-variable"; }; };
		8C1A1DEA1B6967DC0083CBA3 /* sqlite3.h in Headers */ = {isa = PBXBuildFile; fileRef = 8C1A1DE61B6967DC0083CBA3 /* sqlite3.h */; };
		8C1A1DEB1B6967DC0083CBA3 /* sqlite3ext.h in Headers */ = {isa = PBXBuildFile; fileRef = 8C1A1DE71B6967DC0083CBA3 /* sqlite3ext.h */; };
		8C5B4E3C1BAC85F6009B01F0 /* session.cpp in Sources */ = {isa = PBXBuildFile; fileRef = 8C5B4E3A1BAC85F6009B01F0 /* session.cpp */; };
		8C5B4E3D1BAC85F6009B01F0 /* session.h in Headers */ = {isa = PBXBuildFile; fileRef = 8C5B4E3B1BAC85F6009B01F0 /* session.h */; };
		8C6E7BE91B51A2FE00BA589C /* autolink.h in Headers */ = {isa = PBXBuildFile; fileRef = 8C6E7BDA1B51A2FE00BA589C /* autolink.h */; };
		8C6E7BEA1B51A2FE00BA589C /* config.h in Headers */ = {isa = PBXBuildFile; fileRef = 8C6E7BDB1B51A2FE00BA589C /* config.h */; };
		8C6E7BEB1B51A2FE00BA589C /* features.h in Headers */ = {isa = PBXBuildFile; fileRef = 8C6E7BDC1B51A2FE00BA589C /* features.h */; };
		8C6E7BEC1B51A2FE00BA589C /* forwards.h in Headers */ = {isa = PBXBuildFile; fileRef = 8C6E7BDD1B51A2FE00BA589C /* forwards.h */; };
		8C6E7BED1B51A2FE00BA589C /* json_batchallocator.h in Headers */ = {isa = PBXBuildFile; fileRef = 8C6E7BDE1B51A2FE00BA589C /* json_batchallocator.h */; };
		8C6E7BEE1B51A2FE00BA589C /* json_reader.cpp in Sources */ = {isa = PBXBuildFile; fileRef = 8C6E7BE11B51A2FE00BA589C /* json_reader.cpp */; };
		8C6E7BEF1B51A2FE00BA589C /* json_value.cpp in Sources */ = {isa = PBXBuildFile; fileRef = 8C6E7BE21B51A2FE00BA589C /* json_value.cpp */; };
		8C6E7BF01B51A2FE00BA589C /* json_writer.cpp in Sources */ = {isa = PBXBuildFile; fileRef = 8C6E7BE41B51A2FE00BA589C /* json_writer.cpp */; };
		8C6E7BF11B51A2FE00BA589C /* json.h in Headers */ = {isa = PBXBuildFile; fileRef = 8C6E7BE51B51A2FE00BA589C /* json.h */; };
		8C6E7BF21B51A2FE00BA589C /* reader.h in Headers */ = {isa = PBXBuildFile; fileRef = 8C6E7BE61B51A2FE00BA589C /* reader.h */; };
		8C6E7BF31B51A2FE00BA589C /* value.h in Headers */ = {isa = PBXBuildFile; fileRef = 8C6E7BE71B51A2FE00BA589C /* value.h */; };
		8C6E7BF41B51A2FE00BA589C /* writer.h in Headers */ = {isa = PBXBuildFile; fileRef = 8C6E7BE81B51A2FE00BA589C /* writer.h */; };
		8C6EDF591B47C09700B92258 /* jucpp.h in Headers */ = {isa = PBXBuildFile; fileRef = 8C6EDF571B47C09700B92258 /* jucpp.h */; };
		8C6EDF5A1B47C09700B92258 /* http.h in Headers */ = {isa = PBXBuildFile; fileRef = 8C6EDF581B47C09700B92258 /* http.h */; };
		8C6EDF711B47CA5100B92258 /* mongoose.c in Sources */ = {isa = PBXBuildFile; fileRef = 8C6EDF6F1B47CA5100B92258 /* mongoose.c */; settings = {COMPILER_FLAGS = "-Wno-shorten-64-to-32 -Wno-unreachable-code"; }; };
		8C6EDF721B47CA5100B92258 /* mongoose.h in Headers */ = {isa = PBXBuildFile; fileRef = 8C6EDF701B47CA5100B92258 /* mongoose.h */; };
		8C6EDF741B47CA8A00B92258 /* http.cpp in Sources */ = {isa = PBXBuildFile; fileRef = 8C6EDF731B47CA8A00B92258 /* http.cpp */; };
		8C6EDF771B47D1AE00B92258 /* jucpp.cpp in Sources */ = {isa = PBXBuildFile; fileRef = 8C6EDF761B47D1AE00B92258 /* jucpp.cpp */; };
		8C81B9151BB32FF4007EE5C0 /* main.cpp in Sources */ = {isa = PBXBuildFile; fileRef = 8C81B9141BB32FF4007EE5C0 /* main.cpp */; };
		8C81B91D1BB33214007EE5C0 /* html in CopyFiles */ = {isa = PBXBuildFile; fileRef = 8C81B91C1BB331F2007EE5C0 /* html */; };
		8C81B91F1BB34EC8007EE5C0 /* example.cpp in Sources */ = {isa = PBXBuildFile; fileRef = 8C81B91E1BB34EC8007EE5C0 /* example.cpp */; };
		8C81B9221BB34FD9007EE5C0 /* angular.cpp in Sources */ = {isa = PBXBuildFile; fileRef = 8C81B9201BB34FD9007EE5C0 /* angular.cpp */; };
		8C81B9231BB34FD9007EE5C0 /* angular.h in Headers */ = {isa = PBXBuildFile; fileRef = 8C81B9211BB34FD9007EE5C0 /* angular.h */; };
		8CA2D5A61B8E496400308DB2 /* base64.cpp in Sources */ = {isa = PBXBuildFile; fileRef = 8CA2D5A41B8E496400308DB2 /* base64.cpp */; settings = {COMPILER_FLAGS = "-Wno-deprecated-register -Wno-shorten-64-to-32"; }; };
		8CA2D5A71B8E496400308DB2 /* base64.h in Headers */ = {isa = PBXBuildFile; fileRef = 8CA2D5A51B8E496400308DB2 /* base64.h */; };
		8CC0D72D1CC4348A00495E54 /* base64.cpp in Sources */ = {isa = PBXBuildFile; fileRef = 8CA2D5A41B8E496400308DB2 /* base64.cpp */; settings = {COMPILER_FLAGS = "-Wno-deprecated-register -Wno-shorten-64-to-32"; }; };
		8CC0D72E1CC4348A00495E54 /* json_reader.cpp in Sources */ = {isa = PBXBuildFile; fileRef = 8C6E7BE11B51A2FE00BA589C /* json_reader.cpp */; };
		8CC0D72F1CC4348A00495E54 /* json_value.cpp in Sources */ = {isa = PBXBuildFile; fileRef = 8C6E7BE21B51A2FE00BA589C /* json_value.cpp */; };
		8CC0D7301CC4348A00495E54 /* jucpp.cpp in Sources */ = {isa = PBXBuildFile; fileRef = 8C6EDF761B47D1AE00B92258 /* jucpp.cpp */; };
		8CC0D7311CC4348A00495E54 /* mongoose.c in Sources */ = {isa = PBXBuildFile; fileRef = 8C6EDF6F1B47CA5100B92258 /* mongoose.c */; settings = {COMPILER_FLAGS = "-Wno-shorten-64-to-32 -Wno-unreachable-code"; }; };
		8CC0D7321CC4348A00495E54 /* sql.cpp in Sources */ = {isa = PBXBuildFile; fileRef = 8C1A1DE11B68E9B30083CBA3 /* sql.cpp */; };
		8CC0D7331CC4348A00495E54 /* http.cpp in Sources */ = {isa = PBXBuildFile; fileRef = 8C6EDF731B47CA8A00B92258 /* http.cpp */; };
		8CC0D7341CC4348A00495E54 /* session.cpp in Sources */ = {isa = PBXBuildFile; fileRef = 8C5B4E3A1BAC85F6009B01F0 /* session.cpp */; };
		8CC0D7351CC4348A00495E54 /* angular.cpp in Sources */ = {isa = PBXBuildFile; fileRef = 8C81B9201BB34FD9007EE5C0 /* angular.cpp */; };
		8CC0D7361CC4348A00495E54 /* json_writer.cpp in Sources */ = {isa = PBXBuildFile; fileRef = 8C6E7BE41B51A2FE00BA589C /* json_writer.cpp */; };
		8CC0D7371CC4348A00495E54 /* mail.cpp in Sources */ = {isa = PBXBuildFile; fileRef = 8CEAAC561B9630A50073CB25 /* mail.cpp */; };
		8CC0D7381CC4348A00495E54 /* sqlite3.c in Sources */ = {isa = PBXBuildFile; fileRef = 8C1A1DE51B6967DC0083CBA3 /* sqlite3.c */; settings = {COMPILER_FLAGS = "-Wno-ambiguous-macro -Wno-shorten-64-to-32 -Wno-unreachable-code -Wno-unused-const-variable"; }; };
		8CC0D73B1CC4348A00495E54 /* http.h in Headers */ = {isa = PBXBuildFile; fileRef = 8C6EDF581B47C09700B92258 /* http.h */; };
		8CC0D73C1CC4348A00495E54 /* mongoose.h in Headers */ = {isa = PBXBuildFile; fileRef = 8C6EDF701B47CA5100B92258 /* mongoose.h */; };
		8CC0D73D1CC4348A00495E54 /* autolink.h in Headers */ = {isa = PBXBuildFile; fileRef = 8C6E7BDA1B51A2FE00BA589C /* autolink.h */; };
		8CC0D73E1CC4348A00495E54 /* base64.h in Headers */ = {isa = PBXBuildFile; fileRef = 8CA2D5A51B8E496400308DB2 /* base64.h */; };
		8CC0D73F1CC4348A00495E54 /* session.h in Headers */ = {isa = PBXBuildFile; fileRef = 8C5B4E3B1BAC85F6009B01F0 /* session.h */; };
		8CC0D7401CC4348A00495E54 /* sqlite3.h in Headers */ = {isa = PBXBuildFile; fileRef = 8C1A1DE61B6967DC0083CBA3 /* sqlite3.h */; };
		8CC0D7411CC4348A00495E54 /* forwards.h in Headers */ = {isa = PBXBuildFile; fileRef = 8C6E7BDD1B51A2FE00BA589C /* forwards.h */; };
		8CC0D7421CC4348A00495E54 /* reader.h in Headers */ = {isa = PBXBuildFile; fileRef = 8C6E7BE61B51A2FE00BA589C /* reader.h */; };
		8CC0D7431CC4348A00495E54 /* json_batchallocator.h in Headers */ = {isa = PBXBuildFile; fileRef = 8C6E7BDE1B51A2FE00BA589C /* json_batchallocator.h */; };
		8CC0D7441CC4348A00495E54 /* sqlite3ext.h in Headers */ = {isa = PBXBuildFile; fileRef = 8C1A1DE71B6967DC0083CBA3 /* sqlite3ext.h */; };
		8CC0D7451CC4348A00495E54 /* value.h in Headers */ = {isa = PBXBuildFile; fileRef = 8C6E7BE71B51A2FE00BA589C /* value.h */; };
		8CC0D7461CC4348A00495E54 /* angular.h in Headers */ = {isa = PBXBuildFile; fileRef = 8C81B9211BB34FD9007EE5C0 /* angular.h */; };
		8CC0D7471CC4348A00495E54 /* writer.h in Headers */ = {isa = PBXBuildFile; fileRef = 8C6E7BE81B51A2FE00BA589C /* writer.h */; };
		8CC0D7481CC4348A00495E54 /* jucpp.h in Headers */ = {isa = PBXBuildFile; fileRef = 8C6EDF571B47C09700B92258 /* jucpp.h */; };
		8CC0D7491CC4348A00495E54 /* json.h in Headers */ = {isa = PBXBuildFile; fileRef = 8C6E7BE51B51A2FE00BA589C /* json.h */; };
		8CC0D74A1CC4348A00495E54 /* config.h in Headers */ = {isa = PBXBuildFile; fileRef = 8C6E7BDB1B51A2FE00BA589C /* config.h */; };
		8CC0D74B1CC4348A00495E54 /* features.h in Headers */ = {isa = PBXBuildFile; fileRef = 8C6E7BDC1B51A2FE00BA589C /* features.h */; };
		8CC0D74C1CC4348A00495E54 /* mail.h in Headers */ = {isa = PBXBuildFile; fileRef = 8CEAAC551B9630A50073CB25 /* mail.h */; };
		8CC0D7521CC4350D00495E54 /* libjucpp-NoMysql.a in Frameworks */ = {isa = PBXBuildFile; fileRef = 8CC0D7501CC4348A00495E54 /* libjucpp-NoMysql.a */; };
		8CD3DCCB1CC43CA20029360B /* libjucpp-NoMysql.a in Frameworks */ = {isa = PBXBuildFile; fileRef = 8CC0D7501CC4348A00495E54 /* libjucpp-NoMysql.a */; };
		8CD3DCCC1CC43CAF0029360B /* jucpp_mysql.cpp in Sources */ = {isa = PBXBuildFile; fileRef = 8CC0D7281CC433A500495E54 /* jucpp_mysql.cpp */; };
		8CD3DCCD1CC43CB00029360B /* jucpp_mysql.cpp in Sources */ = {isa = PBXBuildFile; fileRef = 8CC0D7281CC433A500495E54 /* jucpp_mysql.cpp */; };
		8CD3DCDA1CC441EC0029360B /* mysql-example.cpp in Sources */ = {isa = PBXBuildFile; fileRef = 8CD3DCD91CC441EC0029360B /* mysql-example.cpp */; };
		8CD3DCDD1CC442270029360B /* libjucpp.a in Frameworks */ = {isa = PBXBuildFile; fileRef = 8C6EDF4F1B47C02200B92258 /* libjucpp.a */; };
		8CD3DCE71CC444FA0029360B /* libmysqlclient.a in Frameworks */ = {isa = PBXBuildFile; fileRef = 8CD3DCE21CC4435B0029360B /* libmysqlclient.a */; };
		8CEAAC571B9630A50073CB25 /* mail.h in Headers */ = {isa = PBXBuildFile; fileRef = 8CEAAC551B9630A50073CB25 /* mail.h */; };
		8CEAAC581B9630A50073CB25 /* mail.cpp in Sources */ = {isa = PBXBuildFile; fileRef = 8CEAAC561B9630A50073CB25 /* mail.cpp */; };
/* End PBXBuildFile section */

/* Begin PBXCopyFilesBuildPhase section */
		8C6EDF321B47B93900B92258 /* CopyFiles */ = {
			isa = PBXCopyFilesBuildPhase;
			buildActionMask = 2147483647;
			dstPath = /usr/share/man/man1/;
			dstSubfolderSpec = 0;
			files = (
			);
			runOnlyForDeploymentPostprocessing = 1;
		};
		8C81B9101BB32FF4007EE5C0 /* CopyFiles */ = {
			isa = PBXCopyFilesBuildPhase;
			buildActionMask = 12;
			dstPath = "";
			dstSubfolderSpec = 7;
			files = (
				8C81B91D1BB33214007EE5C0 /* html in CopyFiles */,
			);
			runOnlyForDeploymentPostprocessing = 0;
		};
		8CD3DCD01CC441B40029360B /* CopyFiles */ = {
			isa = PBXCopyFilesBuildPhase;
			buildActionMask = 2147483647;
			dstPath = /usr/share/man/man1/;
			dstSubfolderSpec = 0;
			files = (
			);
			runOnlyForDeploymentPostprocessing = 1;
		};
/* End PBXCopyFilesBuildPhase section */

/* Begin PBXFileReference section */
		8C1A1DE01B68E7380083CBA3 /* sql.h */ = {isa = PBXFileReference; lastKnownFileType = sourcecode.c.h; name = sql.h; path = jucpp/sql.h; sourceTree = "<group>"; };
		8C1A1DE11B68E9B30083CBA3 /* sql.cpp */ = {isa = PBXFileReference; fileEncoding = 4; lastKnownFileType = sourcecode.cpp.cpp; name = sql.cpp; path = jucpp/sql.cpp; sourceTree = "<group>"; };
		8C1A1DE51B6967DC0083CBA3 /* sqlite3.c */ = {isa = PBXFileReference; fileEncoding = 4; lastKnownFileType = sourcecode.c.c; path = sqlite3.c; sourceTree = "<group>"; };
		8C1A1DE61B6967DC0083CBA3 /* sqlite3.h */ = {isa = PBXFileReference; fileEncoding = 4; lastKnownFileType = sourcecode.c.h; path = sqlite3.h; sourceTree = "<group>"; };
		8C1A1DE71B6967DC0083CBA3 /* sqlite3ext.h */ = {isa = PBXFileReference; fileEncoding = 4; lastKnownFileType = sourcecode.c.h; path = sqlite3ext.h; sourceTree = "<group>"; };
		8C5B4E3A1BAC85F6009B01F0 /* session.cpp */ = {isa = PBXFileReference; fileEncoding = 4; lastKnownFileType = sourcecode.cpp.cpp; name = session.cpp; path = jucpp/session.cpp; sourceTree = "<group>"; };
		8C5B4E3B1BAC85F6009B01F0 /* session.h */ = {isa = PBXFileReference; fileEncoding = 4; lastKnownFileType = sourcecode.c.h; name = session.h; path = jucpp/session.h; sourceTree = "<group>"; };
		8C6E7BDA1B51A2FE00BA589C /* autolink.h */ = {isa = PBXFileReference; fileEncoding = 4; lastKnownFileType = sourcecode.c.h; name = autolink.h; path = libs/json/autolink.h; sourceTree = "<group>"; };
		8C6E7BDB1B51A2FE00BA589C /* config.h */ = {isa = PBXFileReference; fileEncoding = 4; lastKnownFileType = sourcecode.c.h; name = config.h; path = libs/json/config.h; sourceTree = "<group>"; };
		8C6E7BDC1B51A2FE00BA589C /* features.h */ = {isa = PBXFileReference; fileEncoding = 4; lastKnownFileType = sourcecode.c.h; name = features.h; path = libs/json/features.h; sourceTree = "<group>"; };
		8C6E7BDD1B51A2FE00BA589C /* forwards.h */ = {isa = PBXFileReference; fileEncoding = 4; lastKnownFileType = sourcecode.c.h; name = forwards.h; path = libs/json/forwards.h; sourceTree = "<group>"; };
		8C6E7BDE1B51A2FE00BA589C /* json_batchallocator.h */ = {isa = PBXFileReference; fileEncoding = 4; lastKnownFileType = sourcecode.c.h; name = json_batchallocator.h; path = libs/json/json_batchallocator.h; sourceTree = "<group>"; };
		8C6E7BDF1B51A2FE00BA589C /* json_internalarray.inl */ = {isa = PBXFileReference; fileEncoding = 4; lastKnownFileType = text; name = json_internalarray.inl; path = libs/json/json_internalarray.inl; sourceTree = "<group>"; };
		8C6E7BE01B51A2FE00BA589C /* json_internalmap.inl */ = {isa = PBXFileReference; fileEncoding = 4; lastKnownFileType = text; name = json_internalmap.inl; path = libs/json/json_internalmap.inl; sourceTree = "<group>"; };
		8C6E7BE11B51A2FE00BA589C /* json_reader.cpp */ = {isa = PBXFileReference; fileEncoding = 4; lastKnownFileType = sourcecode.cpp.cpp; name = json_reader.cpp; path = libs/json/json_reader.cpp; sourceTree = "<group>"; };
		8C6E7BE21B51A2FE00BA589C /* json_value.cpp */ = {isa = PBXFileReference; fileEncoding = 4; lastKnownFileType = sourcecode.cpp.cpp; name = json_value.cpp; path = libs/json/json_value.cpp; sourceTree = "<group>"; };
		8C6E7BE31B51A2FE00BA589C /* json_valueiterator.inl */ = {isa = PBXFileReference; fileEncoding = 4; lastKnownFileType = text; name = json_valueiterator.inl; path = libs/json/json_valueiterator.inl; sourceTree = "<group>"; };
		8C6E7BE41B51A2FE00BA589C /* json_writer.cpp */ = {isa = PBXFileReference; fileEncoding = 4; lastKnownFileType = sourcecode.cpp.cpp; name = json_writer.cpp; path = libs/json/json_writer.cpp; sourceTree = "<group>"; };
		8C6E7BE51B51A2FE00BA589C /* json.h */ = {isa = PBXFileReference; fileEncoding = 4; lastKnownFileType = sourcecode.c.h; name = json.h; path = libs/json/json.h; sourceTree = "<group>"; };
		8C6E7BE61B51A2FE00BA589C /* reader.h */ = {isa = PBXFileReference; fileEncoding = 4; lastKnownFileType = sourcecode.c.h; name = reader.h; path = libs/json/reader.h; sourceTree = "<group>"; };
		8C6E7BE71B51A2FE00BA589C /* value.h */ = {isa = PBXFileReference; fileEncoding = 4; lastKnownFileType = sourcecode.c.h; name = value.h; path = libs/json/value.h; sourceTree = "<group>"; };
		8C6E7BE81B51A2FE00BA589C /* writer.h */ = {isa = PBXFileReference; fileEncoding = 4; lastKnownFileType = sourcecode.c.h; name = writer.h; path = libs/json/writer.h; sourceTree = "<group>"; };
		8C6EDF341B47B93900B92258 /* example */ = {isa = PBXFileReference; explicitFileType = "compiled.mach-o.executable"; includeInIndex = 0; path = example; sourceTree = BUILT_PRODUCTS_DIR; };
		8C6EDF4F1B47C02200B92258 /* libjucpp.a */ = {isa = PBXFileReference; explicitFileType = archive.ar; includeInIndex = 0; path = libjucpp.a; sourceTree = BUILT_PRODUCTS_DIR; };
		8C6EDF571B47C09700B92258 /* jucpp.h */ = {isa = PBXFileReference; fileEncoding = 4; lastKnownFileType = sourcecode.c.h; name = jucpp.h; path = jucpp/jucpp.h; sourceTree = "<group>"; };
		8C6EDF581B47C09700B92258 /* http.h */ = {isa = PBXFileReference; fileEncoding = 4; lastKnownFileType = sourcecode.c.h; name = http.h; path = jucpp/http.h; sourceTree = "<group>"; };
		8C6EDF6F1B47CA5100B92258 /* mongoose.c */ = {isa = PBXFileReference; fileEncoding = 4; lastKnownFileType = sourcecode.c.c; name = mongoose.c; path = libs/mongoose/mongoose.c; sourceTree = "<group>"; };
		8C6EDF701B47CA5100B92258 /* mongoose.h */ = {isa = PBXFileReference; fileEncoding = 4; lastKnownFileType = sourcecode.c.h; name = mongoose.h; path = libs/mongoose/mongoose.h; sourceTree = "<group>"; };
		8C6EDF731B47CA8A00B92258 /* http.cpp */ = {isa = PBXFileReference; fileEncoding = 4; lastKnownFileType = sourcecode.cpp.cpp; name = http.cpp; path = jucpp/http.cpp; sourceTree = "<group>"; };
		8C6EDF761B47D1AE00B92258 /* jucpp.cpp */ = {isa = PBXFileReference; fileEncoding = 4; lastKnownFileType = sourcecode.cpp.cpp; name = jucpp.cpp; path = jucpp/jucpp.cpp; sourceTree = "<group>"; };
		8C81B9121BB32FF4007EE5C0 /* angularExample */ = {isa = PBXFileReference; explicitFileType = "compiled.mach-o.executable"; includeInIndex = 0; path = angularExample; sourceTree = BUILT_PRODUCTS_DIR; };
		8C81B9141BB32FF4007EE5C0 /* main.cpp */ = {isa = PBXFileReference; lastKnownFileType = sourcecode.cpp.cpp; path = main.cpp; sourceTree = "<group>"; };
		8C81B91C1BB331F2007EE5C0 /* html */ = {isa = PBXFileReference; lastKnownFileType = folder; path = html; sourceTree = "<group>"; };
		8C81B91E1BB34EC8007EE5C0 /* example.cpp */ = {isa = PBXFileReference; fileEncoding = 4; lastKnownFileType = sourcecode.cpp.cpp; name = example.cpp; path = example/example.cpp; sourceTree = SOURCE_ROOT; };
		8C81B9201BB34FD9007EE5C0 /* angular.cpp */ = {isa = PBXFileReference; fileEncoding = 4; lastKnownFileType = sourcecode.cpp.cpp; name = angular.cpp; path = jucpp/angular.cpp; sourceTree = "<group>"; };
		8C81B9211BB34FD9007EE5C0 /* angular.h */ = {isa = PBXFileReference; fileEncoding = 4; lastKnownFileType = sourcecode.c.h; name = angular.h; path = jucpp/angular.h; sourceTree = "<group>"; };
		8CA2D5A41B8E496400308DB2 /* base64.cpp */ = {isa = PBXFileReference; fileEncoding = 4; lastKnownFileType = sourcecode.cpp.cpp; name = base64.cpp; path = jucpp/base64.cpp; sourceTree = "<group>"; };
		8CA2D5A51B8E496400308DB2 /* base64.h */ = {isa = PBXFileReference; fileEncoding = 4; lastKnownFileType = sourcecode.c.h; name = base64.h; path = jucpp/base64.h; sourceTree = "<group>"; };
		8CC0D7281CC433A500495E54 /* jucpp_mysql.cpp */ = {isa = PBXFileReference; fileEncoding = 4; lastKnownFileType = sourcecode.cpp.cpp; name = jucpp_mysql.cpp; path = jucpp/jucpp_mysql.cpp; sourceTree = "<group>"; };
		8CC0D7291CC433A500495E54 /* jucpp_mysql.h */ = {isa = PBXFileReference; fileEncoding = 4; lastKnownFileType = sourcecode.c.h; name = jucpp_mysql.h; path = jucpp/jucpp_mysql.h; sourceTree = "<group>"; };
		8CC0D7501CC4348A00495E54 /* libjucpp-NoMysql.a */ = {isa = PBXFileReference; explicitFileType = archive.ar; includeInIndex = 0; path = "libjucpp-NoMysql.a"; sourceTree = BUILT_PRODUCTS_DIR; };
		8CD3DCD21CC441B40029360B /* mysql-example */ = {isa = PBXFileReference; explicitFileType = "compiled.mach-o.executable"; includeInIndex = 0; path = "mysql-example"; sourceTree = BUILT_PRODUCTS_DIR; };
		8CD3DCD91CC441EC0029360B /* mysql-example.cpp */ = {isa = PBXFileReference; fileEncoding = 4; lastKnownFileType = sourcecode.cpp.cpp; path = "mysql-example.cpp"; sourceTree = "<group>"; };
		8CD3DCE21CC4435B0029360B /* libmysqlclient.a */ = {isa = PBXFileReference; lastKnownFileType = archive.ar; name = libmysqlclient.a; path = "libs/mysql/osx10.8-x86_64/lib/libmysqlclient.a"; sourceTree = "<group>"; };
		8CEAAC551B9630A50073CB25 /* mail.h */ = {isa = PBXFileReference; fileEncoding = 4; lastKnownFileType = sourcecode.c.h; name = mail.h; path = jucpp/mail.h; sourceTree = "<group>"; };
		8CEAAC561B9630A50073CB25 /* mail.cpp */ = {isa = PBXFileReference; fileEncoding = 4; lastKnownFileType = sourcecode.cpp.cpp; name = mail.cpp; path = jucpp/mail.cpp; sourceTree = "<group>"; };
/* End PBXFileReference section */

/* Begin PBXFrameworksBuildPhase section */
		8C6EDF311B47B93900B92258 /* Frameworks */ = {
			isa = PBXFrameworksBuildPhase;
			buildActionMask = 2147483647;
			files = (
				8CD3DCCB1CC43CA20029360B /* libjucpp-NoMysql.a in Frameworks */,
			);
			runOnlyForDeploymentPostprocessing = 0;
		};
		8C6EDF4C1B47C02200B92258 /* Frameworks */ = {
			isa = PBXFrameworksBuildPhase;
			buildActionMask = 2147483647;
			files = (
			);
			runOnlyForDeploymentPostprocessing = 0;
		};
		8C81B90F1BB32FF4007EE5C0 /* Frameworks */ = {
			isa = PBXFrameworksBuildPhase;
			buildActionMask = 2147483647;
			files = (
				8CC0D7521CC4350D00495E54 /* libjucpp-NoMysql.a in Frameworks */,
			);
			runOnlyForDeploymentPostprocessing = 0;
		};
		8CC0D7391CC4348A00495E54 /* Frameworks */ = {
			isa = PBXFrameworksBuildPhase;
			buildActionMask = 2147483647;
			files = (
			);
			runOnlyForDeploymentPostprocessing = 0;
		};
		8CD3DCCF1CC441B40029360B /* Frameworks */ = {
			isa = PBXFrameworksBuildPhase;
			buildActionMask = 2147483647;
			files = (
				8CD3DCDD1CC442270029360B /* libjucpp.a in Frameworks */,
				8CD3DCE71CC444FA0029360B /* libmysqlclient.a in Frameworks */,
			);
			runOnlyForDeploymentPostprocessing = 0;
		};
/* End PBXFrameworksBuildPhase section */

/* Begin PBXGroup section */
		8C1A1DE31B6967DC0083CBA3 /* sqlite */ = {
			isa = PBXGroup;
			children = (
				8C1A1DE51B6967DC0083CBA3 /* sqlite3.c */,
				8C1A1DE61B6967DC0083CBA3 /* sqlite3.h */,
				8C1A1DE71B6967DC0083CBA3 /* sqlite3ext.h */,
			);
			name = sqlite;
			path = libs/sqlite;
			sourceTree = "<group>";
		};
		8C6E7BBE1B51A28B00BA589C /* json */ = {
			isa = PBXGroup;
			children = (
				8C6E7BDA1B51A2FE00BA589C /* autolink.h */,
				8C6E7BDB1B51A2FE00BA589C /* config.h */,
				8C6E7BDC1B51A2FE00BA589C /* features.h */,
				8C6E7BDD1B51A2FE00BA589C /* forwards.h */,
				8C6E7BDE1B51A2FE00BA589C /* json_batchallocator.h */,
				8C6E7BDF1B51A2FE00BA589C /* json_internalarray.inl */,
				8C6E7BE01B51A2FE00BA589C /* json_internalmap.inl */,
				8C6E7BE11B51A2FE00BA589C /* json_reader.cpp */,
				8C6E7BE21B51A2FE00BA589C /* json_value.cpp */,
				8C6E7BE31B51A2FE00BA589C /* json_valueiterator.inl */,
				8C6E7BE41B51A2FE00BA589C /* json_writer.cpp */,
				8C6E7BE51B51A2FE00BA589C /* json.h */,
				8C6E7BE61B51A2FE00BA589C /* reader.h */,
				8C6E7BE71B51A2FE00BA589C /* value.h */,
				8C6E7BE81B51A2FE00BA589C /* writer.h */,
			);
			name = json;
			sourceTree = "<group>";
		};
		8C6EDF1D1B47B90A00B92258 = {
			isa = PBXGroup;
			children = (
				8CD3DCE21CC4435B0029360B /* libmysqlclient.a */,
				8C6EDF5B1B47C09D00B92258 /* jucpp */,
				8C6EDF351B47B93900B92258 /* example */,
				8C81B9131BB32FF4007EE5C0 /* angularExample */,
				8CD3DCD31CC441B40029360B /* mysql-example */,
				8C6EDF271B47B90A00B92258 /* Products */,
			);
			sourceTree = "<group>";
		};
		8C6EDF271B47B90A00B92258 /* Products */ = {
			isa = PBXGroup;
			children = (
				8C6EDF341B47B93900B92258 /* example */,
				8C6EDF4F1B47C02200B92258 /* libjucpp.a */,
				8C81B9121BB32FF4007EE5C0 /* angularExample */,
				8CC0D7501CC4348A00495E54 /* libjucpp-NoMysql.a */,
				8CD3DCD21CC441B40029360B /* mysql-example */,
			);
			name = Products;
			sourceTree = "<group>";
		};
		8C6EDF351B47B93900B92258 /* example */ = {
			isa = PBXGroup;
			children = (
				8C81B91E1BB34EC8007EE5C0 /* example.cpp */,
			);
			name = example;
			path = test1;
			sourceTree = "<group>";
		};
		8C6EDF481B47BE2900B92258 /* mongoose */ = {
			isa = PBXGroup;
			children = (
				8C6EDF6F1B47CA5100B92258 /* mongoose.c */,
				8C6EDF701B47CA5100B92258 /* mongoose.h */,
			);
			name = mongoose;
			sourceTree = "<group>";
		};
		8C6EDF5B1B47C09D00B92258 /* jucpp */ = {
			isa = PBXGroup;
			children = (
				8CEAAC591B9630B00073CB25 /* mail */,
				8C1A1DE31B6967DC0083CBA3 /* sqlite */,
				8C6E7BBE1B51A28B00BA589C /* json */,
				8C6EDF481B47BE2900B92258 /* mongoose */,
				8C6EDF581B47C09700B92258 /* http.h */,
				8C6EDF731B47CA8A00B92258 /* http.cpp */,
				8C6EDF571B47C09700B92258 /* jucpp.h */,
				8C6EDF761B47D1AE00B92258 /* jucpp.cpp */,
				8C1A1DE01B68E7380083CBA3 /* sql.h */,
				8C1A1DE11B68E9B30083CBA3 /* sql.cpp */,
				8CA2D5A41B8E496400308DB2 /* base64.cpp */,
				8CA2D5A51B8E496400308DB2 /* base64.h */,
				8C5B4E3A1BAC85F6009B01F0 /* session.cpp */,
				8C5B4E3B1BAC85F6009B01F0 /* session.h */,
				8C81B9201BB34FD9007EE5C0 /* angular.cpp */,
				8C81B9211BB34FD9007EE5C0 /* angular.h */,
				8CC0D7281CC433A500495E54 /* jucpp_mysql.cpp */,
				8CC0D7291CC433A500495E54 /* jucpp_mysql.h */,
			);
			name = jucpp;
			sourceTree = "<group>";
		};
		8C81B9131BB32FF4007EE5C0 /* angularExample */ = {
			isa = PBXGroup;
			children = (
				8C81B9141BB32FF4007EE5C0 /* main.cpp */,
				8C81B91C1BB331F2007EE5C0 /* html */,
			);
			path = angularExample;
			sourceTree = "<group>";
		};
		8CD3DCD31CC441B40029360B /* mysql-example */ = {
			isa = PBXGroup;
			children = (
				8CD3DCD91CC441EC0029360B /* mysql-example.cpp */,
			);
			path = "mysql-example";
			sourceTree = "<group>";
		};
		8CEAAC591B9630B00073CB25 /* mail */ = {
			isa = PBXGroup;
			children = (
				8CEAAC551B9630A50073CB25 /* mail.h */,
				8CEAAC561B9630A50073CB25 /* mail.cpp */,
			);
			name = mail;
			sourceTree = "<group>";
		};
/* End PBXGroup section */

/* Begin PBXHeadersBuildPhase section */
		8C6EDF4D1B47C02200B92258 /* Headers */ = {
			isa = PBXHeadersBuildPhase;
			buildActionMask = 2147483647;
			files = (
				8C6EDF5A1B47C09700B92258 /* http.h in Headers */,
				8C6EDF721B47CA5100B92258 /* mongoose.h in Headers */,
				8C6E7BE91B51A2FE00BA589C /* autolink.h in Headers */,
				8CA2D5A71B8E496400308DB2 /* base64.h in Headers */,
				8C5B4E3D1BAC85F6009B01F0 /* session.h in Headers */,
				8C1A1DEA1B6967DC0083CBA3 /* sqlite3.h in Headers */,
				8C6E7BEC1B51A2FE00BA589C /* forwards.h in Headers */,
				8C6E7BF21B51A2FE00BA589C /* reader.h in Headers */,
				8C6E7BED1B51A2FE00BA589C /* json_batchallocator.h in Headers */,
				8C1A1DEB1B6967DC0083CBA3 /* sqlite3ext.h in Headers */,
				8C6E7BF31B51A2FE00BA589C /* value.h in Headers */,
				8C81B9231BB34FD9007EE5C0 /* angular.h in Headers */,
				8C6E7BF41B51A2FE00BA589C /* writer.h in Headers */,
				8C6EDF591B47C09700B92258 /* jucpp.h in Headers */,
				8C6E7BF11B51A2FE00BA589C /* json.h in Headers */,
				8C6E7BEA1B51A2FE00BA589C /* config.h in Headers */,
				8C6E7BEB1B51A2FE00BA589C /* features.h in Headers */,
				8CEAAC571B9630A50073CB25 /* mail.h in Headers */,
			);
			runOnlyForDeploymentPostprocessing = 0;
		};
		8CC0D73A1CC4348A00495E54 /* Headers */ = {
			isa = PBXHeadersBuildPhase;
			buildActionMask = 2147483647;
			files = (
				8CC0D73B1CC4348A00495E54 /* http.h in Headers */,
				8CC0D73C1CC4348A00495E54 /* mongoose.h in Headers */,
				8CC0D73D1CC4348A00495E54 /* autolink.h in Headers */,
				8CC0D73E1CC4348A00495E54 /* base64.h in Headers */,
				8CC0D73F1CC4348A00495E54 /* session.h in Headers */,
				8CC0D7401CC4348A00495E54 /* sqlite3.h in Headers */,
				8CC0D7411CC4348A00495E54 /* forwards.h in Headers */,
				8CC0D7421CC4348A00495E54 /* reader.h in Headers */,
				8CC0D7431CC4348A00495E54 /* json_batchallocator.h in Headers */,
				8CC0D7441CC4348A00495E54 /* sqlite3ext.h in Headers */,
				8CC0D7451CC4348A00495E54 /* value.h in Headers */,
				8CC0D7461CC4348A00495E54 /* angular.h in Headers */,
				8CC0D7471CC4348A00495E54 /* writer.h in Headers */,
				8CC0D7481CC4348A00495E54 /* jucpp.h in Headers */,
				8CC0D7491CC4348A00495E54 /* json.h in Headers */,
				8CC0D74A1CC4348A00495E54 /* config.h in Headers */,
				8CC0D74B1CC4348A00495E54 /* features.h in Headers */,
				8CC0D74C1CC4348A00495E54 /* mail.h in Headers */,
			);
			runOnlyForDeploymentPostprocessing = 0;
		};
/* End PBXHeadersBuildPhase section */

/* Begin PBXNativeTarget section */
		8C6EDF331B47B93900B92258 /* example */ = {
			isa = PBXNativeTarget;
			buildConfigurationList = 8C6EDF381B47B93900B92258 /* Build configuration list for PBXNativeTarget "example" */;
			buildPhases = (
				8C6EDF301B47B93900B92258 /* Sources */,
				8C6EDF311B47B93900B92258 /* Frameworks */,
				8C6EDF321B47B93900B92258 /* CopyFiles */,
			);
			buildRules = (
			);
			dependencies = (
			);
			name = example;
			productName = test1;
			productReference = 8C6EDF341B47B93900B92258 /* example */;
			productType = "com.apple.product-type.tool";
		};
		8C6EDF4E1B47C02200B92258 /* jucpp */ = {
			isa = PBXNativeTarget;
			buildConfigurationList = 8C6EDF501B47C02200B92258 /* Build configuration list for PBXNativeTarget "jucpp" */;
			buildPhases = (
				8C6EDF4B1B47C02200B92258 /* Sources */,
				8C6EDF4C1B47C02200B92258 /* Frameworks */,
				8C6EDF4D1B47C02200B92258 /* Headers */,
			);
			buildRules = (
			);
			dependencies = (
			);
			name = jucpp;
			productName = jucpp;
			productReference = 8C6EDF4F1B47C02200B92258 /* libjucpp.a */;
			productType = "com.apple.product-type.library.static";
		};
		8C81B9111BB32FF4007EE5C0 /* angularExample */ = {
			isa = PBXNativeTarget;
			buildConfigurationList = 8C81B9181BB32FF4007EE5C0 /* Build configuration list for PBXNativeTarget "angularExample" */;
			buildPhases = (
				8C81B90E1BB32FF4007EE5C0 /* Sources */,
				8C81B90F1BB32FF4007EE5C0 /* Frameworks */,
				8C81B9101BB32FF4007EE5C0 /* CopyFiles */,
			);
			buildRules = (
			);
			dependencies = (
			);
			name = angularExample;
			productName = angularExample;
			productReference = 8C81B9121BB32FF4007EE5C0 /* angularExample */;
			productType = "com.apple.product-type.tool";
		};
		8CC0D72B1CC4348A00495E54 /* jucpp-NoMysql */ = {
			isa = PBXNativeTarget;
			buildConfigurationList = 8CC0D74D1CC4348A00495E54 /* Build configuration list for PBXNativeTarget "jucpp-NoMysql" */;
			buildPhases = (
				8CC0D72C1CC4348A00495E54 /* Sources */,
				8CC0D7391CC4348A00495E54 /* Frameworks */,
				8CC0D73A1CC4348A00495E54 /* Headers */,
			);
			buildRules = (
			);
			dependencies = (
			);
			name = "jucpp-NoMysql";
			productName = jucpp;
			productReference = 8CC0D7501CC4348A00495E54 /* libjucpp-NoMysql.a */;
			productType = "com.apple.product-type.library.static";
		};
		8CD3DCD11CC441B40029360B /* mysql-example */ = {
			isa = PBXNativeTarget;
			buildConfigurationList = 8CD3DCD61CC441B50029360B /* Build configuration list for PBXNativeTarget "mysql-example" */;
			buildPhases = (
				8CD3DCCE1CC441B40029360B /* Sources */,
				8CD3DCCF1CC441B40029360B /* Frameworks */,
				8CD3DCD01CC441B40029360B /* CopyFiles */,
			);
			buildRules = (
			);
			dependencies = (
			);
			name = "mysql-example";
			productName = "mysql-example";
			productReference = 8CD3DCD21CC441B40029360B /* mysql-example */;
			productType = "com.apple.product-type.tool";
		};
/* End PBXNativeTarget section */

/* Begin PBXProject section */
		8C6EDF1E1B47B90A00B92258 /* Project object */ = {
			isa = PBXProject;
			attributes = {
				LastUpgradeCheck = 0700;
				ORGANIZATIONNAME = "BeanOX UG";
				TargetAttributes = {
					8C6EDF331B47B93900B92258 = {
						CreatedOnToolsVersion = 6.4;
					};
					8C6EDF4E1B47C02200B92258 = {
						CreatedOnToolsVersion = 6.4;
					};
					8C81B9111BB32FF4007EE5C0 = {
						CreatedOnToolsVersion = 7.0;
					};
					8CD3DCD11CC441B40029360B = {
						CreatedOnToolsVersion = 7.3;
					};
				};
			};
			buildConfigurationList = 8C6EDF211B47B90A00B92258 /* Build configuration list for PBXProject "jucpp" */;
			compatibilityVersion = "Xcode 3.2";
			developmentRegion = English;
			hasScannedForEncodings = 0;
			knownRegions = (
				en,
			);
			mainGroup = 8C6EDF1D1B47B90A00B92258;
			productRefGroup = 8C6EDF271B47B90A00B92258 /* Products */;
			projectDirPath = "";
			projectRoot = "";
			targets = (
				8C6EDF331B47B93900B92258 /* example */,
				8C6EDF4E1B47C02200B92258 /* jucpp */,
				8C81B9111BB32FF4007EE5C0 /* angularExample */,
				8CC0D72B1CC4348A00495E54 /* jucpp-NoMysql */,
				8CD3DCD11CC441B40029360B /* mysql-example */,
			);
		};
/* End PBXProject section */

/* Begin PBXSourcesBuildPhase section */
		8C6EDF301B47B93900B92258 /* Sources */ = {
			isa = PBXSourcesBuildPhase;
			buildActionMask = 2147483647;
			files = (
				8C81B91F1BB34EC8007EE5C0 /* example.cpp in Sources */,
			);
			runOnlyForDeploymentPostprocessing = 0;
		};
		8C6EDF4B1B47C02200B92258 /* Sources */ = {
			isa = PBXSourcesBuildPhase;
			buildActionMask = 2147483647;
			files = (
				8CA2D5A61B8E496400308DB2 /* base64.cpp in Sources */,
				8CD3DCCD1CC43CB00029360B /* jucpp_mysql.cpp in Sources */,
				8C6E7BEE1B51A2FE00BA589C /* json_reader.cpp in Sources */,
				8C6E7BEF1B51A2FE00BA589C /* json_value.cpp in Sources */,
				8C6EDF771B47D1AE00B92258 /* jucpp.cpp in Sources */,
				8C6EDF711B47CA5100B92258 /* mongoose.c in Sources */,
				8C1A1DE21B68E9B30083CBA3 /* sql.cpp in Sources */,
				8C6EDF741B47CA8A00B92258 /* http.cpp in Sources */,
				8C5B4E3C1BAC85F6009B01F0 /* session.cpp in Sources */,
				8C81B9221BB34FD9007EE5C0 /* angular.cpp in Sources */,
				8C6E7BF01B51A2FE00BA589C /* json_writer.cpp in Sources */,
				8CEAAC581B9630A50073CB25 /* mail.cpp in Sources */,
				8C1A1DE91B6967DC0083CBA3 /* sqlite3.c in Sources */,
			);
			runOnlyForDeploymentPostprocessing = 0;
		};
		8C81B90E1BB32FF4007EE5C0 /* Sources */ = {
			isa = PBXSourcesBuildPhase;
			buildActionMask = 2147483647;
			files = (
				8C81B9151BB32FF4007EE5C0 /* main.cpp in Sources */,
			);
			runOnlyForDeploymentPostprocessing = 0;
		};
		8CC0D72C1CC4348A00495E54 /* Sources */ = {
			isa = PBXSourcesBuildPhase;
			buildActionMask = 2147483647;
			files = (
				8CC0D72D1CC4348A00495E54 /* base64.cpp in Sources */,
				8CD3DCCC1CC43CAF0029360B /* jucpp_mysql.cpp in Sources */,
				8CC0D72E1CC4348A00495E54 /* json_reader.cpp in Sources */,
				8CC0D72F1CC4348A00495E54 /* json_value.cpp in Sources */,
				8CC0D7301CC4348A00495E54 /* jucpp.cpp in Sources */,
				8CC0D7311CC4348A00495E54 /* mongoose.c in Sources */,
				8CC0D7321CC4348A00495E54 /* sql.cpp in Sources */,
				8CC0D7331CC4348A00495E54 /* http.cpp in Sources */,
				8CC0D7341CC4348A00495E54 /* session.cpp in Sources */,
				8CC0D7351CC4348A00495E54 /* angular.cpp in Sources */,
				8CC0D7361CC4348A00495E54 /* json_writer.cpp in Sources */,
				8CC0D7371CC4348A00495E54 /* mail.cpp in Sources */,
				8CC0D7381CC4348A00495E54 /* sqlite3.c in Sources */,
			);
			runOnlyForDeploymentPostprocessing = 0;
		};
		8CD3DCCE1CC441B40029360B /* Sources */ = {
			isa = PBXSourcesBuildPhase;
			buildActionMask = 2147483647;
			files = (
				8CD3DCDA1CC441EC0029360B /* mysql-example.cpp in Sources */,
			);
			runOnlyForDeploymentPostprocessing = 0;
		};
/* End PBXSourcesBuildPhase section */

/* Begin XCBuildConfiguration section */
		8C6EDF2B1B47B90A00B92258 /* Debug */ = {
			isa = XCBuildConfiguration;
			buildSettings = {
				ALWAYS_SEARCH_USER_PATHS = NO;
				CLANG_CXX_LANGUAGE_STANDARD = "c++0x";
				CLANG_ENABLE_MODULES = YES;
				CLANG_ENABLE_OBJC_ARC = YES;
				CLANG_WARN_BOOL_CONVERSION = YES;
				CLANG_WARN_CONSTANT_CONVERSION = YES;
				CLANG_WARN_DIRECT_OBJC_ISA_USAGE = YES_ERROR;
				CLANG_WARN_EMPTY_BODY = YES;
				CLANG_WARN_ENUM_CONVERSION = YES;
				CLANG_WARN_INT_CONVERSION = YES;
				CLANG_WARN_OBJC_ROOT_CLASS = YES_ERROR;
				CLANG_WARN_UNREACHABLE_CODE = YES;
				CLANG_WARN__DUPLICATE_METHOD_MATCH = YES;
				COPY_PHASE_STRIP = NO;
				DEBUG_INFORMATION_FORMAT = dwarf;
				ENABLE_STRICT_OBJC_MSGSEND = YES;
				ENABLE_TESTABILITY = YES;
				GCC_C_LANGUAGE_STANDARD = "compiler-default";
				GCC_DYNAMIC_NO_PIC = NO;
				GCC_NO_COMMON_BLOCKS = YES;
				GCC_OPTIMIZATION_LEVEL = 0;
				GCC_PREPROCESSOR_DEFINITIONS = (
					"DEBUG=1",
					MG_ENABLE_THREADS,
				);
				GCC_SYMBOLS_PRIVATE_EXTERN = NO;
				GCC_VERSION = "";
				GCC_WARN_64_TO_32_BIT_CONVERSION = YES;
				GCC_WARN_ABOUT_RETURN_TYPE = YES_ERROR;
				GCC_WARN_UNDECLARED_SELECTOR = YES;
				GCC_WARN_UNINITIALIZED_AUTOS = YES_AGGRESSIVE;
				GCC_WARN_UNUSED_FUNCTION = YES;
				GCC_WARN_UNUSED_VARIABLE = YES;
				HEADER_SEARCH_PATHS = (
					"$(inherited)",
					/Applications/Xcode.app/Contents/Developer/Toolchains/XcodeDefault.xctoolchain/usr/include,
					"$(SRCROOT)",
					"$(SRCROOT)/libs",
					"$(SRCROOT)/libs/mysql/osx-$(CURRENT_ARCH)/include",
				);
				MACOSX_DEPLOYMENT_TARGET = 10.9;
				MTL_ENABLE_DEBUG_INFO = YES;
				ONLY_ACTIVE_ARCH = YES;
				SDKROOT = macosx;
			};
			name = Debug;
		};
		8C6EDF2C1B47B90A00B92258 /* Release */ = {
			isa = XCBuildConfiguration;
			buildSettings = {
				ALWAYS_SEARCH_USER_PATHS = NO;
				CLANG_CXX_LANGUAGE_STANDARD = "c++0x";
				CLANG_ENABLE_MODULES = YES;
				CLANG_ENABLE_OBJC_ARC = YES;
				CLANG_WARN_BOOL_CONVERSION = YES;
				CLANG_WARN_CONSTANT_CONVERSION = YES;
				CLANG_WARN_DIRECT_OBJC_ISA_USAGE = YES_ERROR;
				CLANG_WARN_EMPTY_BODY = YES;
				CLANG_WARN_ENUM_CONVERSION = YES;
				CLANG_WARN_INT_CONVERSION = YES;
				CLANG_WARN_OBJC_ROOT_CLASS = YES_ERROR;
				CLANG_WARN_UNREACHABLE_CODE = YES;
				CLANG_WARN__DUPLICATE_METHOD_MATCH = YES;
				COPY_PHASE_STRIP = NO;
				DEBUG_INFORMATION_FORMAT = "dwarf-with-dsym";
				ENABLE_NS_ASSERTIONS = NO;
				ENABLE_STRICT_OBJC_MSGSEND = YES;
				GCC_C_LANGUAGE_STANDARD = "compiler-default";
				GCC_NO_COMMON_BLOCKS = YES;
				GCC_PREPROCESSOR_DEFINITIONS = MG_ENABLE_THREADS;
				GCC_VERSION = "";
				GCC_WARN_64_TO_32_BIT_CONVERSION = YES;
				GCC_WARN_ABOUT_RETURN_TYPE = YES_ERROR;
				GCC_WARN_UNDECLARED_SELECTOR = YES;
				GCC_WARN_UNINITIALIZED_AUTOS = YES_AGGRESSIVE;
				GCC_WARN_UNUSED_FUNCTION = YES;
				GCC_WARN_UNUSED_VARIABLE = YES;
				HEADER_SEARCH_PATHS = (
					"$(inherited)",
					/Applications/Xcode.app/Contents/Developer/Toolchains/XcodeDefault.xctoolchain/usr/include,
					"$(SRCROOT)",
					"$(SRCROOT)/libs",
					"$(SRCROOT)/libs/mysql/osx-$(CURRENT_ARCH)/include",
				);
				MACOSX_DEPLOYMENT_TARGET = 10.9;
				MTL_ENABLE_DEBUG_INFO = NO;
				SDKROOT = macosx;
			};
			name = Release;
		};
		8C6EDF391B47B93900B92258 /* Debug */ = {
			isa = XCBuildConfiguration;
			buildSettings = {
				GCC_PREPROCESSOR_DEFINITIONS = (
					"DEBUG=1",
					"$(inherited)",
				);
				PRODUCT_NAME = "$(TARGET_NAME)";
			};
			name = Debug;
		};
		8C6EDF3A1B47B93900B92258 /* Release */ = {
			isa = XCBuildConfiguration;
			buildSettings = {
				PRODUCT_NAME = "$(TARGET_NAME)";
			};
			name = Release;
		};
		8C6EDF511B47C02200B92258 /* Debug */ = {
			isa = XCBuildConfiguration;
			buildSettings = {
				COMBINE_HIDPI_IMAGES = YES;
				EXECUTABLE_PREFIX = lib;
				GCC_INLINES_ARE_PRIVATE_EXTERN = YES;
				PRODUCT_NAME = "$(TARGET_NAME)";
			};
			name = Debug;
		};
		8C6EDF521B47C02200B92258 /* Release */ = {
			isa = XCBuildConfiguration;
			buildSettings = {
				COMBINE_HIDPI_IMAGES = YES;
				EXECUTABLE_PREFIX = lib;
				GCC_INLINES_ARE_PRIVATE_EXTERN = YES;
				PRODUCT_NAME = "$(TARGET_NAME)";
			};
			name = Release;
		};
		8C81B9161BB32FF4007EE5C0 /* Debug */ = {
			isa = XCBuildConfiguration;
			buildSettings = {
				CLANG_CXX_LANGUAGE_STANDARD = "gnu++0x";
				CLANG_CXX_LIBRARY = "libc++";
				GCC_C_LANGUAGE_STANDARD = gnu99;
				MACOSX_DEPLOYMENT_TARGET = 10.10;
				PRODUCT_NAME = "$(TARGET_NAME)";
			};
			name = Debug;
		};
		8C81B9171BB32FF4007EE5C0 /* Release */ = {
			isa = XCBuildConfiguration;
			buildSettings = {
				CLANG_CXX_LANGUAGE_STANDARD = "gnu++0x";
				CLANG_CXX_LIBRARY = "libc++";
				GCC_C_LANGUAGE_STANDARD = gnu99;
				MACOSX_DEPLOYMENT_TARGET = 10.10;
				PRODUCT_NAME = "$(TARGET_NAME)";
			};
			name = Release;
		};
		8CC0D74E1CC4348A00495E54 /* Debug */ = {
			isa = XCBuildConfiguration;
			buildSettings = {
				COMBINE_HIDPI_IMAGES = YES;
				EXECUTABLE_PREFIX = lib;
				GCC_INLINES_ARE_PRIVATE_EXTERN = YES;
				GCC_PREPROCESSOR_DEFINITIONS = (
					"DEBUG=1",
					MG_ENABLE_THREADS,
					JUCPP_NO_MYSQL,
				);
				PRODUCT_NAME = "$(TARGET_NAME)";
			};
			name = Debug;
		};
		8CC0D74F1CC4348A00495E54 /* Release */ = {
			isa = XCBuildConfiguration;
			buildSettings = {
				COMBINE_HIDPI_IMAGES = YES;
				EXECUTABLE_PREFIX = lib;
				GCC_INLINES_ARE_PRIVATE_EXTERN = YES;
				GCC_PREPROCESSOR_DEFINITIONS = (
					MG_ENABLE_THREADS,
					JUCPP_NO_MYSQL,
				);
				PRODUCT_NAME = "$(TARGET_NAME)";
			};
			name = Release;
		};
		8CD3DCD71CC441B50029360B /* Debug */ = {
			isa = XCBuildConfiguration;
			buildSettings = {
				CLANG_ANALYZER_NONNULL = YES;
				CLANG_CXX_LANGUAGE_STANDARD = "gnu++0x";
				CLANG_CXX_LIBRARY = "libc++";
				CODE_SIGN_IDENTITY = "-";
				GCC_C_LANGUAGE_STANDARD = gnu99;
				GCC_PREPROCESSOR_DEFINITIONS = (
					"DEBUG=1",
					"$(inherited)",
				);
				LIBRARY_SEARCH_PATHS = (
					"$(inherited)",
					"$(PROJECT_DIR)/libs/mysql/osx-$(CURRENT_ARCH)/lib",
				);
				MACOSX_DEPLOYMENT_TARGET = 10.11;
				PRODUCT_NAME = "$(TARGET_NAME)";
			};
			name = Debug;
		};
		8CD3DCD81CC441B50029360B /* Release */ = {
			isa = XCBuildConfiguration;
			buildSettings = {
				CLANG_ANALYZER_NONNULL = YES;
				CLANG_CXX_LANGUAGE_STANDARD = "gnu++0x";
				CLANG_CXX_LIBRARY = "libc++";
				CODE_SIGN_IDENTITY = "-";
				GCC_C_LANGUAGE_STANDARD = gnu99;
				LIBRARY_SEARCH_PATHS = (
					"$(inherited)",
					"$(PROJECT_DIR)/libs/mysql/osx-$(CURRENT_ARCH)/lib",
				);
				MACOSX_DEPLOYMENT_TARGET = 10.11;
				PRODUCT_NAME = "$(TARGET_NAME)";
			};
			name = Release;
		};
/* End XCBuildConfiguration section */

/* Begin XCConfigurationList section */
		8C6EDF211B47B90A00B92258 /* Build configuration list for PBXProject "jucpp" */ = {
			isa = XCConfigurationList;
			buildConfigurations = (
				8C6EDF2B1B47B90A00B92258 /* Debug */,
				8C6EDF2C1B47B90A00B92258 /* Release */,
			);
			defaultConfigurationIsVisible = 0;
			defaultConfigurationName = Release;
		};
		8C6EDF381B47B93900B92258 /* Build configuration list for PBXNativeTarget "example" */ = {
			isa = XCConfigurationList;
			buildConfigurations = (
				8C6EDF391B47B93900B92258 /* Debug */,
				8C6EDF3A1B47B93900B92258 /* Release */,
			);
			defaultConfigurationIsVisible = 0;
			defaultConfigurationName = Release;
		};
		8C6EDF501B47C02200B92258 /* Build configuration list for PBXNativeTarget "jucpp" */ = {
			isa = XCConfigurationList;
			buildConfigurations = (
				8C6EDF511B47C02200B92258 /* Debug */,
				8C6EDF521B47C02200B92258 /* Release */,
			);
			defaultConfigurationIsVisible = 0;
			defaultConfigurationName = Release;
		};
		8C81B9181BB32FF4007EE5C0 /* Build configuration list for PBXNativeTarget "angularExample" */ = {
			isa = XCConfigurationList;
			buildConfigurations = (
				8C81B9161BB32FF4007EE5C0 /* Debug */,
				8C81B9171BB32FF4007EE5C0 /* Release */,
			);
			defaultConfigurationIsVisible = 0;
			defaultConfigurationName = Release;
		};
		8CC0D74D1CC4348A00495E54 /* Build configuration list for PBXNativeTarget "jucpp-NoMysql" */ = {
			isa = XCConfigurationList;
			buildConfigurations = (
				8CC0D74E1CC4348A00495E54 /* Debug */,
				8CC0D74F1CC4348A00495E54 /* Release */,
			);
			defaultConfigurationIsVisible = 0;
			defaultConfigurationName = Release;
		};
		8CD3DCD61CC441B50029360B /* Build configuration list for PBXNativeTarget "mysql-example" */ = {
			isa = XCConfigurationList;
			buildConfigurations = (
				8CD3DCD71CC441B50029360B /* Debug */,
				8CD3DCD81CC441B50029360B /* Release */,
			);
			defaultConfigurationIsVisible = 0;
			defaultConfigurationName = Release;
		};
/* End XCConfigurationList section */
	};
	rootObject = 8C6EDF1E1B47B90A00B92258 /* Project object */;
}
